
Microsoft Visual Studio Solution File, Format Version 12.00
# Visual Studio Version 17
VisualStudioVersion = 17.0.32112.339
MinimumVisualStudioVersion = 10.0.40219.1
Project("{FAE04EC0-301F-11D3-BF4B-00C04F79EFBC}") = "ParcialExtraordinario1.Android", "ParcialExtraordinario1\ParcialExtraordinario1.Android\ParcialExtraordinario1.Android.csproj", "{05D02904-B413-41A8-8709-D266BD2FEAD1}"
EndProject
Project("{FAE04EC0-301F-11D3-BF4B-00C04F79EFBC}") = "ParcialExtraordinario1", "ParcialExtraordinario1\ParcialExtraordinario1\ParcialExtraordinario1.csproj", "{B0D7CC8B-B7D8-4BB6-9A18-3BD011346F29}"
EndProject
Global
	GlobalSection(SolutionConfigurationPlatforms) = preSolution
		Debug|Any CPU = Debug|Any CPU
		Release|Any CPU = Release|Any CPU
	EndGlobalSection
	GlobalSection(ProjectConfigurationPlatforms) = postSolution
		{05D02904-B413-41A8-8709-D266BD2FEAD1}.Debug|Any CPU.ActiveCfg = Debug|Any CPU
		{05D02904-B413-41A8-8709-D266BD2FEAD1}.Debug|Any CPU.Build.0 = Debug|Any CPU
		{05D02904-B413-41A8-8709-D266BD2FEAD1}.Debug|Any CPU.Deploy.0 = Debug|Any CPU
		{05D02904-B413-41A8-8709-D266BD2FEAD1}.Release|Any CPU.ActiveCfg = Release|Any CPU
		{05D02904-B413-41A8-8709-D266BD2FEAD1}.Release|Any CPU.Build.0 = Release|Any CPU
		{05D02904-B413-41A8-8709-D266BD2FEAD1}.Release|Any CPU.Deploy.0 = Release|Any CPU
		{B0D7CC8B-B7D8-4BB6-9A18-3BD011346F29}.Debug|Any CPU.ActiveCfg = Debug|Any CPU
		{B0D7CC8B-B7D8-4BB6-9A18-3BD011346F29}.Debug|Any CPU.Build.0 = Debug|Any CPU
		{B0D7CC8B-B7D8-4BB6-9A18-3BD011346F29}.Debug|Any CPU.Deploy.0 = Debug|Any CPU
		{B0D7CC8B-B7D8-4BB6-9A18-3BD011346F29}.Release|Any CPU.ActiveCfg = Release|Any CPU
		{B0D7CC8B-B7D8-4BB6-9A18-3BD011346F29}.Release|Any CPU.Build.0 = Release|Any CPU
		{B0D7CC8B-B7D8-4BB6-9A18-3BD011346F29}.Release|Any CPU.Deploy.0 = Release|Any CPU
	EndGlobalSection
	GlobalSection(SolutionProperties) = preSolution
		HideSolutionNode = FALSE
	EndGlobalSection
	GlobalSection(ExtensibilityGlobals) = postSolution
		SolutionGuid = {FE449270-C2ED-4AC8-AA37-3E47936C4542}
	EndGlobalSection
EndGlobal
